{
  "version": 4,
  "terraform_version": "1.11.2",
  "serial": 1,
  "lineage": "c0c55ff1-a861-d11a-2007-447a11cace13",
  "outputs": {},
  "resources": [
    {
      "mode": "managed",
      "type": "aws_vpc",
      "name": "my-vpc",
      "provider": "provider[\"registry.terraform.io/hashicorp/aws\"]",
      "instances": [
        {
          "schema_version": 1,
          "attributes": {
            "arn": "arn:aws:ec2:us-east-1:615299755356:vpc/vpc-0c37dae7d3dee6f72",
            "assign_generated_ipv6_cidr_block": false,
            "cidr_block": "25.0.0.0/16",
            "default_network_acl_id": "acl-09c56c7b3f0779fee",
            "default_route_table_id": "rtb-0d09b9766f233b7a4",
            "default_security_group_id": "sg-0bafbe41073fdf6a3",
            "dhcp_options_id": "dopt-031ef4029bd14e8b2",
            "enable_dns_hostnames": false,
            "enable_dns_support": true,
            "enable_network_address_usage_metrics": false,
            "id": "vpc-0c37dae7d3dee6f72",
            "instance_tenancy": "default",
            "ipv4_ipam_pool_id": null,
            "ipv4_netmask_length": null,
            "ipv6_association_id": "",
            "ipv6_cidr_block": "",
            "ipv6_cidr_block_network_border_group": "",
            "ipv6_ipam_pool_id": "",
            "ipv6_netmask_length": 0,
            "main_route_table_id": "rtb-0d09b9766f233b7a4",
            "owner_id": "615299755356",
            "tags": null,
            "tags_all": {}
          },
          "sensitive_attributes": [],
          "private": "eyJzY2hlbWFfdmVyc2lvbiI6IjEifQ=="
        }
      ]
    }
  ],
  "check_results": null
}
